lockfileVersion: 5.4

specifiers:
  typescript: ^4.5.2
  vscode-languageserver: ^7.0.0
  vscode-languageserver-textdocument: ^1.0.1
  webpack: ^5.64.4
  webpack-cli: ^4.9.1

dependencies:
  typescript: 4.8.4
  vscode-languageserver: 7.0.0
  vscode-languageserver-textdocument: 1.0.7

devDependencies:
  webpack: 5.74.0_webpack-cli@4.10.0
  webpack-cli: 4.10.0_webpack@5.74.0

packages:

  /@discoveryjs/json-ext/0.5.7:
    resolution: {integrity: sha512-dBVuXR082gk3jsFp7Rd/JI4kytwGHecnCoTtXFb7DB6CNHp4rg5k1bhg0nWdLGLnOV71lmDzGQaLMy8iPLY0pw==, tarball: http://npm.weimob.com:80/@discoveryjs%2fjson-ext/-/json-ext-0.5.7.tgz}
    engines: {node: '>=10.0.0'}
    dev: true

  /@jridgewell/gen-mapping/0.3.2:
    resolution: {integrity: sha512-mh65xKQAzI6iBcFzwv28KVWSmCkdRBWoOh+bYQGW3+6OZvbbN3TqMGo5hqYxQniRcH9F2VZIoJCm4pa3BPDK/A==, tarball: http://npm.weimob.com:80/@jridgewell%2fgen-mapping/-/gen-mapping-0.3.2.tgz}
    engines: {node: '>=6.0.0'}
    dependencies:
      '@jridgewell/set-array': 1.1.2
      '@jridgewell/sourcemap-codec': 1.4.14
      '@jridgewell/trace-mapping': 0.3.17
    dev: true

  /@jridgewell/resolve-uri/3.1.0:
    resolution: {integrity: sha512-F2msla3tad+Mfht5cJq7LSXcdudKTWCVYUgw6pLFOOHSTtZlj6SWNYAp+AhuqLmWdBO2X5hPrLcu8cVP8fy28w==, tarball: http://npm.weimob.com:80/@jridgewell%2fresolve-uri/-/resolve-uri-3.1.0.tgz}
    engines: {node: '>=6.0.0'}
    dev: true

  /@jridgewell/set-array/1.1.2:
    resolution: {integrity: sha512-xnkseuNADM0gt2bs+BvhO0p78Mk762YnZdsuzFV018NoG1Sj1SCQvpSqa7XUaTam5vAGasABV9qXASMKnFMwMw==, tarball: http://npm.weimob.com:80/@jridgewell%2fset-array/-/set-array-1.1.2.tgz}
    engines: {node: '>=6.0.0'}
    dev: true

  /@jridgewell/source-map/0.3.2:
    resolution: {integrity: sha512-m7O9o2uR8k2ObDysZYzdfhb08VuEml5oWGiosa1VdaPZ/A6QyPkAJuwN0Q1lhULOf6B7MtQmHENS743hWtCrgw==, tarball: http://npm.weimob.com:80/@jridgewell%2fsource-map/-/source-map-0.3.2.tgz}
    dependencies:
      '@jridgewell/gen-mapping': 0.3.2
      '@jridgewell/trace-mapping': 0.3.17
    dev: true

  /@jridgewell/sourcemap-codec/1.4.14:
    resolution: {integrity: sha512-XPSJHWmi394fuUuzDnGz1wiKqWfo1yXecHQMRf2l6hztTO+nPru658AyDngaBe7isIxEkRsPR3FZh+s7iVa4Uw==, tarball: http://npm.weimob.com:80/@jridgewell%2fsourcemap-codec/-/sourcemap-codec-1.4.14.tgz}
    dev: true

  /@jridgewell/trace-mapping/0.3.17:
    resolution: {integrity: sha512-MCNzAp77qzKca9+W/+I0+sEpaUnZoeasnghNeVc41VZCEKaCH73Vq3BZZ/SzWIgrqE4H4ceI+p+b6C0mHf9T4g==, tarball: http://npm.weimob.com:80/@jridgewell%2ftrace-mapping/-/trace-mapping-0.3.17.tgz}
    dependencies:
      '@jridgewell/resolve-uri': 3.1.0
      '@jridgewell/sourcemap-codec': 1.4.14
    dev: true

  /@types/eslint-scope/3.7.4:
    resolution: {integrity: sha512-9K4zoImiZc3HlIp6AVUDE4CWYx22a+lhSZMYNpbjW04+YF0KWj4pJXnEMjdnFTiQibFFmElcsasJXDbdI/EPhA==, tarball: http://npm.weimob.com:80/@types%2feslint-scope/-/eslint-scope-3.7.4.tgz}
    dependencies:
      '@types/eslint': 8.4.9
      '@types/estree': 0.0.51
    dev: true

  /@types/eslint/8.4.9:
    resolution: {integrity: sha512-jFCSo4wJzlHQLCpceUhUnXdrPuCNOjGFMQ8Eg6JXxlz3QaCKOb7eGi2cephQdM4XTYsNej69P9JDJ1zqNIbncQ==, tarball: http://npm.weimob.com:80/@types%2feslint/-/eslint-8.4.9.tgz}
    dependencies:
      '@types/estree': 0.0.51
      '@types/json-schema': 7.0.11
    dev: true

  /@types/estree/0.0.51:
    resolution: {integrity: sha512-CuPgU6f3eT/XgKKPqKd/gLZV1Xmvf1a2R5POBOGQa6uv82xpls89HU5zKeVoyR8XzHd1RGNOlQlvUe3CFkjWNQ==, tarball: http://npm.weimob.com:80/@types%2festree/-/estree-0.0.51.tgz}
    dev: true

  /@types/json-schema/7.0.11:
    resolution: {integrity: sha512-wOuvG1SN4Us4rez+tylwwwCV1psiNVOkJeM3AUWUNWg/jDQY2+HE/444y5gc+jBmRqASOm2Oeh5c1axHobwRKQ==, tarball: http://npm.weimob.com:80/@types%2fjson-schema/-/json-schema-7.0.11.tgz}
    dev: true

  /@types/node/18.11.8:
    resolution: {integrity: sha512-uGwPWlE0Hj972KkHtCDVwZ8O39GmyjfMane1Z3GUBGGnkZ2USDq7SxLpVIiIHpweY9DS0QTDH0Nw7RNBsAAZ5A==, tarball: http://npm.weimob.com:80/@types%2fnode/-/node-18.11.8.tgz}
    dev: true

  /@webassemblyjs/ast/1.11.1:
    resolution: {integrity: sha1-K/12fq4aaZb0Mv9+jX/HVnnAtqc=, tarball: http://npm.weimob.com:80/@webassemblyjs%2fast/-/ast-1.11.1.tgz}
    dependencies:
      '@webassemblyjs/helper-numbers': 1.11.1
      '@webassemblyjs/helper-wasm-bytecode': 1.11.1
    dev: true

  /@webassemblyjs/floating-point-hex-parser/1.11.1:
    resolution: {integrity: sha1-9sYacF8P16auyqToGY8j2dwXnk8=, tarball: http://npm.weimob.com:80/@webassemblyjs%2ffloating-point-hex-parser/-/floating-point-hex-parser-1.11.1.tgz}
    dev: true

  /@webassemblyjs/helper-api-error/1.11.1:
    resolution: {integrity: sha1-GmMZLYeI5cASgAump6RscFKI/RY=, tarball: http://npm.weimob.com:80/@webassemblyjs%2fhelper-api-error/-/helper-api-error-1.11.1.tgz}
    dev: true

  /@webassemblyjs/helper-buffer/1.11.1:
    resolution: {integrity: sha1-gyqQDrREiEzemnytRn+BUA9eWrU=, tarball: http://npm.weimob.com:80/@webassemblyjs%2fhelper-buffer/-/helper-buffer-1.11.1.tgz}
    dev: true

  /@webassemblyjs/helper-numbers/1.11.1:
    resolution: {integrity: sha1-ZNgdohn7u6HjvRv8dPboxOEKYq4=, tarball: http://npm.weimob.com:80/@webassemblyjs%2fhelper-numbers/-/helper-numbers-1.11.1.tgz}
    dependencies:
      '@webassemblyjs/floating-point-hex-parser': 1.11.1
      '@webassemblyjs/helper-api-error': 1.11.1
      '@xtuc/long': 4.2.2
    dev: true

  /@webassemblyjs/helper-wasm-bytecode/1.11.1:
    resolution: {integrity: sha1-8ygkHkHnsZnQsgwY6IQpxEMyleE=, tarball: http://npm.weimob.com:80/@webassemblyjs%2fhelper-wasm-bytecode/-/helper-wasm-bytecode-1.11.1.tgz}
    dev: true

  /@webassemblyjs/helper-wasm-section/1.11.1:
    resolution: {integrity: sha1-Ie4GWntjXzGec48N1zv72igcCXo=, tarball: http://npm.weimob.com:80/@webassemblyjs%2fhelper-wasm-section/-/helper-wasm-section-1.11.1.tgz}
    dependencies:
      '@webassemblyjs/ast': 1.11.1
      '@webassemblyjs/helper-buffer': 1.11.1
      '@webassemblyjs/helper-wasm-bytecode': 1.11.1
      '@webassemblyjs/wasm-gen': 1.11.1
    dev: true

  /@webassemblyjs/ieee754/1.11.1:
    resolution: {integrity: sha1-ljkp6bvQVwnn4SJDoJkYCBKZJhQ=, tarball: http://npm.weimob.com:80/@webassemblyjs%2fieee754/-/ieee754-1.11.1.tgz}
    dependencies:
      '@xtuc/ieee754': 1.2.0
    dev: true

  /@webassemblyjs/leb128/1.11.1:
    resolution: {integrity: sha1-zoFLRVdOk9drrh+yZEq5zdlSeqU=, tarball: http://npm.weimob.com:80/@webassemblyjs%2fleb128/-/leb128-1.11.1.tgz}
    dependencies:
      '@xtuc/long': 4.2.2
    dev: true

  /@webassemblyjs/utf8/1.11.1:
    resolution: {integrity: sha1-0fi3ZDaefG5rrjUOhU3smlnwo/8=, tarball: http://npm.weimob.com:80/@webassemblyjs%2futf8/-/utf8-1.11.1.tgz}
    dev: true

  /@webassemblyjs/wasm-edit/1.11.1:
    resolution: {integrity: sha1-rSBuv0v5WgWM6YgKjAksXeyBk9Y=, tarball: http://npm.weimob.com:80/@webassemblyjs%2fwasm-edit/-/wasm-edit-1.11.1.tgz}
    dependencies:
      '@webassemblyjs/ast': 1.11.1
      '@webassemblyjs/helper-buffer': 1.11.1
      '@webassemblyjs/helper-wasm-bytecode': 1.11.1
      '@webassemblyjs/helper-wasm-section': 1.11.1
      '@webassemblyjs/wasm-gen': 1.11.1
      '@webassemblyjs/wasm-opt': 1.11.1
      '@webassemblyjs/wasm-parser': 1.11.1
      '@webassemblyjs/wast-printer': 1.11.1
    dev: true

  /@webassemblyjs/wasm-gen/1.11.1:
    resolution: {integrity: sha1-hsXqMEhJdZt9iMR6MvTwOa48j3Y=, tarball: http://npm.weimob.com:80/@webassemblyjs%2fwasm-gen/-/wasm-gen-1.11.1.tgz}
    dependencies:
      '@webassemblyjs/ast': 1.11.1
      '@webassemblyjs/helper-wasm-bytecode': 1.11.1
      '@webassemblyjs/ieee754': 1.11.1
      '@webassemblyjs/leb128': 1.11.1
      '@webassemblyjs/utf8': 1.11.1
    dev: true

  /@webassemblyjs/wasm-opt/1.11.1:
    resolution: {integrity: sha1-ZXtMIgL0zzs0X4pMZGHIwkGJhfI=, tarball: http://npm.weimob.com:80/@webassemblyjs%2fwasm-opt/-/wasm-opt-1.11.1.tgz}
    dependencies:
      '@webassemblyjs/ast': 1.11.1
      '@webassemblyjs/helper-buffer': 1.11.1
      '@webassemblyjs/wasm-gen': 1.11.1
      '@webassemblyjs/wasm-parser': 1.11.1
    dev: true

  /@webassemblyjs/wasm-parser/1.11.1:
    resolution: {integrity: sha1-hspzRTT0F+m9PGfHocddi+QfsZk=, tarball: http://npm.weimob.com:80/@webassemblyjs%2fwasm-parser/-/wasm-parser-1.11.1.tgz}
    dependencies:
      '@webassemblyjs/ast': 1.11.1
      '@webassemblyjs/helper-api-error': 1.11.1
      '@webassemblyjs/helper-wasm-bytecode': 1.11.1
      '@webassemblyjs/ieee754': 1.11.1
      '@webassemblyjs/leb128': 1.11.1
      '@webassemblyjs/utf8': 1.11.1
    dev: true

  /@webassemblyjs/wast-printer/1.11.1:
    resolution: {integrity: sha1-0Mc77ajuxUJvEK6O9VzuXnCEwvA=, tarball: http://npm.weimob.com:80/@webassemblyjs%2fwast-printer/-/wast-printer-1.11.1.tgz}
    dependencies:
      '@webassemblyjs/ast': 1.11.1
      '@xtuc/long': 4.2.2
    dev: true

  /@webpack-cli/configtest/1.2.0_5v66e2inugklgvlh4huuavolfq:
    resolution: {integrity: sha512-4FB8Tj6xyVkyqjj1OaTqCjXYULB9FMkqQ8yGrZjRDrYh0nOE+7Lhs45WioWQQMV+ceFlE368Ukhe6xdvJM9Egg==, tarball: http://npm.weimob.com:80/@webpack-cli%2fconfigtest/-/configtest-1.2.0.tgz}
    peerDependencies:
      webpack: 4.x.x || 5.x.x
      webpack-cli: 4.x.x
    dependencies:
      webpack: 5.74.0_webpack-cli@4.10.0
      webpack-cli: 4.10.0_webpack@5.74.0
    dev: true

  /@webpack-cli/info/1.5.0_webpack-cli@4.10.0:
    resolution: {integrity: sha512-e8tSXZpw2hPl2uMJY6fsMswaok5FdlGNRTktvFk2sD8RjH0hE2+XistawJx1vmKteh4NmGmNUrp+Tb2w+udPcQ==, tarball: http://npm.weimob.com:80/@webpack-cli%2finfo/-/info-1.5.0.tgz}
    peerDependencies:
      webpack-cli: 4.x.x
    dependencies:
      envinfo: 7.8.1
      webpack-cli: 4.10.0_webpack@5.74.0
    dev: true

  /@webpack-cli/serve/1.7.0_webpack-cli@4.10.0:
    resolution: {integrity: sha512-oxnCNGj88fL+xzV+dacXs44HcDwf1ovs3AuEzvP7mqXw7fQntqIhQ1BRmynh4qEKQSSSRSWVyXRjmTbZIX9V2Q==, tarball: http://npm.weimob.com:80/@webpack-cli%2fserve/-/serve-1.7.0.tgz}
    peerDependencies:
      webpack-cli: 4.x.x
      webpack-dev-server: '*'
    peerDependenciesMeta:
      webpack-dev-server:
        optional: true
    dependencies:
      webpack-cli: 4.10.0_webpack@5.74.0
    dev: true

  /@xtuc/ieee754/1.2.0:
    resolution: {integrity: sha1-7vAUoxRa5Hehy8AM0eVSM23Ot5A=, tarball: http://npm.weimob.com:80/@xtuc%2fieee754/-/ieee754-1.2.0.tgz}
    dev: true

  /@xtuc/long/4.2.2:
    resolution: {integrity: sha1-0pHGpOl5ibXGHZrPOWrk/hM6cY0=, tarball: http://npm.weimob.com:80/@xtuc%2flong/-/long-4.2.2.tgz}
    dev: true

  /acorn-import-assertions/1.8.0_acorn@8.8.1:
    resolution: {integrity: sha1-uitZOc5iwjjbbZPYHJsRGym4Vek=, tarball: http://npm.weimob.com:80/acorn-import-assertions/-/acorn-import-assertions-1.8.0.tgz}
    peerDependencies:
      acorn: ^8
    dependencies:
      acorn: 8.8.1
    dev: true

  /acorn/8.8.1:
    resolution: {integrity: sha512-7zFpHzhnqYKrkYdUjF1HI1bzd0VygEGX8lFk4k5zVMqHEoES+P+7TKI+EvLO9WVMJ8eekdO0aDEK044xTXwPPA==, tarball: http://npm.weimob.com:80/acorn/-/acorn-8.8.1.tgz}
    engines: {node: '>=0.4.0'}
    hasBin: true
    dev: true

  /ajv-keywords/3.5.2_ajv@6.12.6:
    resolution: {integrity: sha1-MfKdpatuANHC0yms97WSlhTVAU0=, tarball: http://npm.weimob.com:80/ajv-keywords/-/ajv-keywords-3.5.2.tgz}
    peerDependencies:
      ajv: ^6.9.1
    dependencies:
      ajv: 6.12.6
    dev: true

  /ajv/6.12.6:
    resolution: {integrity: sha1-uvWmLoArB9l3A0WG+MO69a3ybfQ=, tarball: http://npm.weimob.com:80/ajv/-/ajv-6.12.6.tgz}
    dependencies:
      fast-deep-equal: 3.1.3
      fast-json-stable-stringify: 2.1.0
      json-schema-traverse: 0.4.1
      uri-js: 4.4.1
    dev: true

  /browserslist/4.21.4:
    resolution: {integrity: sha512-CBHJJdDmgjl3daYjN5Cp5kbTf1mUhZoS+beLklHIvkOWscs83YAhLlF3Wsh/lciQYAcbBJgTOD44VtG31ZM4Hw==, tarball: http://npm.weimob.com:80/browserslist/-/browserslist-4.21.4.tgz}
    engines: {node: ^6 || ^7 || ^8 || ^9 || ^10 || ^11 || ^12 || >=13.7}
    hasBin: true
    dependencies:
      caniuse-lite: 1.0.30001427
      electron-to-chromium: 1.4.284
      node-releases: 2.0.6
      update-browserslist-db: 1.0.10_browserslist@4.21.4
    dev: true

  /buffer-from/1.1.2:
    resolution: {integrity: sha1-KxRqb9cugLT1XSVfNe1Zo6mkG9U=, tarball: http://npm.weimob.com:80/buffer-from/-/buffer-from-1.1.2.tgz}
    dev: true

  /caniuse-lite/1.0.30001427:
    resolution: {integrity: sha512-lfXQ73oB9c8DP5Suxaszm+Ta2sr/4tf8+381GkIm1MLj/YdLf+rEDyDSRCzeltuyTVGm+/s18gdZ0q+Wmp8VsQ==, tarball: http://npm.weimob.com:80/caniuse-lite/-/caniuse-lite-1.0.30001427.tgz}
    dev: true

  /chrome-trace-event/1.0.3:
    resolution: {integrity: sha1-EBXs7UdB4V0GZkqVfbv1DQQeJqw=, tarball: http://npm.weimob.com:80/chrome-trace-event/-/chrome-trace-event-1.0.3.tgz}
    engines: {node: '>=6.0'}
    dev: true

  /clone-deep/4.0.1:
    resolution: {integrity: sha1-wZ/Zvbv4WUK0/ZechNz31fB8I4c=, tarball: http://npm.weimob.com:80/clone-deep/-/clone-deep-4.0.1.tgz}
    engines: {node: '>=6'}
    dependencies:
      is-plain-object: 2.0.4
      kind-of: 6.0.3
      shallow-clone: 3.0.1
    dev: true

  /colorette/2.0.19:
    resolution: {integrity: sha512-3tlv/dIP7FWvj3BsbHrGLJ6l/oKh1O3TcgBqMn+yyCagOxc23fyzDS6HypQbgxWbkpDnf52p1LuR4eWDQ/K9WQ==, tarball: http://npm.weimob.com:80/colorette/-/colorette-2.0.19.tgz}
    dev: true

  /commander/2.20.3:
    resolution: {integrity: sha1-/UhehMA+tIgcIHIrpIA16FMa6zM=, tarball: http://npm.weimob.com:80/commander/-/commander-2.20.3.tgz}
    dev: true

  /commander/7.2.0:
    resolution: {integrity: sha1-o2y1fQtQHOEI5NIFWaFQo5HZerc=, tarball: http://npm.weimob.com:80/commander/-/commander-7.2.0.tgz}
    engines: {node: '>= 10'}
    dev: true

  /cross-spawn/7.0.3:
    resolution: {integrity: sha1-9zqFudXUHQRVUcF34ogtSshXKKY=, tarball: http://npm.weimob.com:80/cross-spawn/-/cross-spawn-7.0.3.tgz}
    engines: {node: '>= 8'}
    dependencies:
      path-key: 3.1.1
      shebang-command: 2.0.0
      which: 2.0.2
    dev: true

  /electron-to-chromium/1.4.284:
    resolution: {integrity: sha512-M8WEXFuKXMYMVr45fo8mq0wUrrJHheiKZf6BArTKk9ZBYCKJEOU5H8cdWgDT+qCVZf7Na4lVUaZsA+h6uA9+PA==, tarball: http://npm.weimob.com:80/electron-to-chromium/-/electron-to-chromium-1.4.284.tgz}
    dev: true

  /enhanced-resolve/5.10.0:
    resolution: {integrity: sha512-T0yTFjdpldGY8PmuXXR0PyQ1ufZpEGiHVrp7zHKB7jdR4qlmZHhONVM5AQOAWXuF/w3dnHbEQVrNptJgt7F+cQ==, tarball: http://npm.weimob.com:80/enhanced-resolve/-/enhanced-resolve-5.10.0.tgz}
    engines: {node: '>=10.13.0'}
    dependencies:
      graceful-fs: 4.2.10
      tapable: 2.2.1
    dev: true

  /envinfo/7.8.1:
    resolution: {integrity: sha1-Bjd+Pl9NN5/qesWS1a2JJ+DE1HU=, tarball: http://npm.weimob.com:80/envinfo/-/envinfo-7.8.1.tgz}
    engines: {node: '>=4'}
    hasBin: true
    dev: true

  /es-module-lexer/0.9.3:
    resolution: {integrity: sha1-bxPbAMw4QXE32vdDZvU1yOtDjxk=, tarball: http://npm.weimob.com:80/es-module-lexer/-/es-module-lexer-0.9.3.tgz}
    dev: true

  /escalade/3.1.1:
    resolution: {integrity: sha1-2M/ccACWXFoBdLSoLqpcBVJ0LkA=, tarball: http://npm.weimob.com:80/escalade/-/escalade-3.1.1.tgz}
    engines: {node: '>=6'}
    dev: true

  /eslint-scope/5.1.1:
    resolution: {integrity: sha1-54blmmbLkrP2wfsNUIqrF0hI9Iw=, tarball: http://npm.weimob.com:80/eslint-scope/-/eslint-scope-5.1.1.tgz}
    engines: {node: '>=8.0.0'}
    dependencies:
      esrecurse: 4.3.0
      estraverse: 4.3.0
    dev: true

  /esrecurse/4.3.0:
    resolution: {integrity: sha1-eteWTWeauyi+5yzsY3WLHF0smSE=, tarball: http://npm.weimob.com:80/esrecurse/-/esrecurse-4.3.0.tgz}
    engines: {node: '>=4.0'}
    dependencies:
      estraverse: 5.3.0
    dev: true

  /estraverse/4.3.0:
    resolution: {integrity: sha1-OYrT88WiSUi+dyXoPRGn3ijNvR0=, tarball: http://npm.weimob.com:80/estraverse/-/estraverse-4.3.0.tgz}
    engines: {node: '>=4.0'}
    dev: true

  /estraverse/5.3.0:
    resolution: {integrity: sha1-LupSkHAvJquP5TcDcP+GyWXSESM=, tarball: http://npm.weimob.com:80/estraverse/-/estraverse-5.3.0.tgz}
    engines: {node: '>=4.0'}
    dev: true

  /events/3.3.0:
    resolution: {integrity: sha1-Mala0Kkk4tLEGagTrrLE6HjqdAA=, tarball: http://npm.weimob.com:80/events/-/events-3.3.0.tgz}
    engines: {node: '>=0.8.x'}
    dev: true

  /fast-deep-equal/3.1.3:
    resolution: {integrity: sha1-On1WtVnWy8PrUSMlJE5hmmXGxSU=, tarball: http://npm.weimob.com:80/fast-deep-equal/-/fast-deep-equal-3.1.3.tgz}
    dev: true

  /fast-json-stable-stringify/2.1.0:
    resolution: {integrity: sha1-h0v2nG9ATCtdmcSBNBOZ/VWJJjM=, tarball: http://npm.weimob.com:80/fast-json-stable-stringify/-/fast-json-stable-stringify-2.1.0.tgz}
    dev: true

  /fastest-levenshtein/1.0.16:
    resolution: {integrity: sha512-eRnCtTTtGZFpQCwhJiUOuxPQWRXVKYDn0b2PeHfXL6/Zi53SLAzAHfVhVWK2AryC/WH05kGfxhFIPvTF0SXQzg==, tarball: http://npm.weimob.com:80/fastest-levenshtein/-/fastest-levenshtein-1.0.16.tgz}
    engines: {node: '>= 4.9.1'}
    dev: true

  /find-up/4.1.0:
    resolution: {integrity: sha1-l6/n1s3AvFkoWEt8jXsW6KmqXRk=, tarball: http://npm.weimob.com:80/find-up/-/find-up-4.1.0.tgz}
    engines: {node: '>=8'}
    dependencies:
      locate-path: 5.0.0
      path-exists: 4.0.0
    dev: true

  /function-bind/1.1.1:
    resolution: {integrity: sha1-pWiZ0+o8m6uHS7l3O3xe3pL0iV0=, tarball: http://npm.weimob.com:80/function-bind/-/function-bind-1.1.1.tgz}
    dev: true

  /glob-to-regexp/0.4.1:
    resolution: {integrity: sha1-x1KXCHyFG5pXi9IX3VmpL1n+VG4=, tarball: http://npm.weimob.com:80/glob-to-regexp/-/glob-to-regexp-0.4.1.tgz}
    dev: true

  /graceful-fs/4.2.10:
    resolution: {integrity: sha512-9ByhssR2fPVsNZj478qUUbKfmL0+t5BDVyjShtyZZLiK7ZDAArFFfopyOTj0M05wE2tJPisA4iTnnXl2YoPvOA==, tarball: http://npm.weimob.com:80/graceful-fs/-/graceful-fs-4.2.10.tgz}
    dev: true

  /has-flag/4.0.0:
    resolution: {integrity: sha1-lEdx/ZyByBJlxNaUGGDaBrtZR5s=, tarball: http://npm.weimob.com:80/has-flag/-/has-flag-4.0.0.tgz}
    engines: {node: '>=8'}
    dev: true

  /has/1.0.3:
    resolution: {integrity: sha1-ci18v8H2qoJB8W3YFOAR4fQeh5Y=, tarball: http://npm.weimob.com:80/has/-/has-1.0.3.tgz}
    engines: {node: '>= 0.4.0'}
    dependencies:
      function-bind: 1.1.1
    dev: true

  /import-local/3.1.0:
    resolution: {integrity: sha512-ASB07uLtnDs1o6EHjKpX34BKYDSqnFerfTOJL2HvMqF70LnxpjkzDB8J44oT9pu4AMPkQwf8jl6szgvNd2tRIg==, tarball: http://npm.weimob.com:80/import-local/-/import-local-3.1.0.tgz}
    engines: {node: '>=8'}
    hasBin: true
    dependencies:
      pkg-dir: 4.2.0
      resolve-cwd: 3.0.0
    dev: true

  /interpret/2.2.0:
    resolution: {integrity: sha1-GnigtZZcQKVBbQB61vUK0nxBffk=, tarball: http://npm.weimob.com:80/interpret/-/interpret-2.2.0.tgz}
    engines: {node: '>= 0.10'}
    dev: true

  /is-core-module/2.11.0:
    resolution: {integrity: sha512-RRjxlvLDkD1YJwDbroBHMb+cukurkDWNyHx7D3oNB5x9rb5ogcksMC5wHCadcXoo67gVr/+3GFySh3134zi6rw==, tarball: http://npm.weimob.com:80/is-core-module/-/is-core-module-2.11.0.tgz}
    dependencies:
      has: 1.0.3
    dev: true

  /is-plain-object/2.0.4:
    resolution: {integrity: sha1-LBY7P6+xtgbZ0Xko8FwqHDjgdnc=, tarball: http://npm.weimob.com:80/is-plain-object/-/is-plain-object-2.0.4.tgz}
    engines: {node: '>=0.10.0'}
    dependencies:
      isobject: 3.0.1
    dev: true

  /isexe/2.0.0:
    resolution: {integrity: sha1-6PvzdNxVb/iUehDcsFctYz8s+hA=, tarball: http://npm.weimob.com:80/isexe/-/isexe-2.0.0.tgz}
    dev: true

  /isobject/3.0.1:
    resolution: {integrity: sha1-TkMekrEalzFjaqH5yNHMvP2reN8=, tarball: http://npm.weimob.com:80/isobject/-/isobject-3.0.1.tgz}
    engines: {node: '>=0.10.0'}
    dev: true

  /jest-worker/27.5.1:
    resolution: {integrity: sha512-7vuh85V5cdDofPyxn58nrPjBktZo0u9x1g8WtjQol+jZDaE+fhN+cIvTj11GndBnMnyfrUOG1sZQxCdjKh+DKg==, tarball: http://npm.weimob.com:80/jest-worker/-/jest-worker-27.5.1.tgz}
    engines: {node: '>= 10.13.0'}
    dependencies:
      '@types/node': 18.11.8
      merge-stream: 2.0.0
      supports-color: 8.1.1
    dev: true

  /json-parse-even-better-errors/2.3.1:
    resolution: {integrity: sha1-fEeAWpQxmSjgV3dAXcEuH3pO4C0=, tarball: http://npm.weimob.com:80/json-parse-even-better-errors/-/json-parse-even-better-errors-2.3.1.tgz}
    dev: true

  /json-schema-traverse/0.4.1:
    resolution: {integrity: sha1-afaofZUTq4u4/mO9sJecRI5oRmA=, tarball: http://npm.weimob.com:80/json-schema-traverse/-/json-schema-traverse-0.4.1.tgz}
    dev: true

  /kind-of/6.0.3:
    resolution: {integrity: sha1-B8BQNKbDSfoG4k+jWqdttFgM5N0=, tarball: http://npm.weimob.com:80/kind-of/-/kind-of-6.0.3.tgz}
    engines: {node: '>=0.10.0'}
    dev: true

  /loader-runner/4.3.0:
    resolution: {integrity: sha512-3R/1M+yS3j5ou80Me59j7F9IMs4PXs3VqRrm0TU3AbKPxlmpoY1TNscJV/oGJXo8qCatFGTfDbY6W6ipGOYXfg==, tarball: http://npm.weimob.com:80/loader-runner/-/loader-runner-4.3.0.tgz}
    engines: {node: '>=6.11.5'}
    dev: true

  /locate-path/5.0.0:
    resolution: {integrity: sha1-Gvujlq/WdqbUJQTQpno6frn2KqA=, tarball: http://npm.weimob.com:80/locate-path/-/locate-path-5.0.0.tgz}
    engines: {node: '>=8'}
    dependencies:
      p-locate: 4.1.0
    dev: true

  /merge-stream/2.0.0:
    resolution: {integrity: sha1-UoI2KaFN0AyXcPtq1H3GMQ8sH2A=, tarball: http://npm.weimob.com:80/merge-stream/-/merge-stream-2.0.0.tgz}
    dev: true

  /mime-db/1.52.0:
    resolution: {integrity: sha512-sPU4uV7dYlvtWJxwwxHD0PuihVNiE7TyAbQ5SWxDCB9mUYvOgroQOwYQQOKPJ8CIbE+1ETVlOoK1UC2nU3gYvg==, tarball: http://npm.weimob.com:80/mime-db/-/mime-db-1.52.0.tgz}
    engines: {node: '>= 0.6'}
    dev: true

  /mime-types/2.1.35:
    resolution: {integrity: sha512-ZDY+bPm5zTTF+YpCrAU9nK0UgICYPT0QtT1NZWFv4s++TNkcgVaT0g6+4R2uI4MjQjzysHB1zxuWL50hzaeXiw==, tarball: http://npm.weimob.com:80/mime-types/-/mime-types-2.1.35.tgz}
    engines: {node: '>= 0.6'}
    dependencies:
      mime-db: 1.52.0
    dev: true

  /neo-async/2.6.2:
    resolution: {integrity: sha1-tKr7k+OustgXTKU88WOrfXMIMF8=, tarball: http://npm.weimob.com:80/neo-async/-/neo-async-2.6.2.tgz}
    dev: true

  /node-releases/2.0.6:
    resolution: {integrity: sha512-PiVXnNuFm5+iYkLBNeq5211hvO38y63T0i2KKh2KnUs3RpzJ+JtODFjkD8yjLwnDkTYF1eKXheUwdssR+NRZdg==, tarball: http://npm.weimob.com:80/node-releases/-/node-releases-2.0.6.tgz}
    dev: true

  /p-limit/2.3.0:
    resolution: {integrity: sha1-PdM8ZHohT9//2DWTPrCG2g3CHbE=, tarball: http://npm.weimob.com:80/p-limit/-/p-limit-2.3.0.tgz}
    engines: {node: '>=6'}
    dependencies:
      p-try: 2.2.0
    dev: true

  /p-locate/4.1.0:
    resolution: {integrity: sha1-o0KLtwiLOmApL2aRkni3wpetTwc=, tarball: http://npm.weimob.com:80/p-locate/-/p-locate-4.1.0.tgz}
    engines: {node: '>=8'}
    dependencies:
      p-limit: 2.3.0
    dev: true

  /p-try/2.2.0:
    resolution: {integrity: sha1-yyhoVA4xPWHeWPr741zpAE1VQOY=, tarball: http://npm.weimob.com:80/p-try/-/p-try-2.2.0.tgz}
    engines: {node: '>=6'}
    dev: true

  /path-exists/4.0.0:
    resolution: {integrity: sha1-UTvb4tO5XXdi6METfvoZXGxhtbM=, tarball: http://npm.weimob.com:80/path-exists/-/path-exists-4.0.0.tgz}
    engines: {node: '>=8'}
    dev: true

  /path-key/3.1.1:
    resolution: {integrity: sha1-WB9q3mWMu6ZaDTOA3ndTKVBU83U=, tarball: http://npm.weimob.com:80/path-key/-/path-key-3.1.1.tgz}
    engines: {node: '>=8'}
    dev: true

  /path-parse/1.0.7:
    resolution: {integrity: sha1-+8EUtgykKzDZ2vWFjkvWi77bZzU=, tarball: http://npm.weimob.com:80/path-parse/-/path-parse-1.0.7.tgz}
    dev: true

  /picocolors/1.0.0:
    resolution: {integrity: sha1-y1vcdP8/UYkiNur3nWi8RFZKuBw=, tarball: http://npm.weimob.com:80/picocolors/-/picocolors-1.0.0.tgz}
    dev: true

  /pkg-dir/4.2.0:
    resolution: {integrity: sha1-8JkTPfft5CLoHR2ESCcO6z5CYfM=, tarball: http://npm.weimob.com:80/pkg-dir/-/pkg-dir-4.2.0.tgz}
    engines: {node: '>=8'}
    dependencies:
      find-up: 4.1.0
    dev: true

  /punycode/2.1.1:
    resolution: {integrity: sha1-tYsBCsQMIsVldhbI0sLALHv0eew=, tarball: http://npm.weimob.com:80/punycode/-/punycode-2.1.1.tgz}
    engines: {node: '>=6'}
    dev: true

  /randombytes/2.1.0:
    resolution: {integrity: sha1-32+ENy8CcNxlzfYpE0mrekc9Tyo=, tarball: http://npm.weimob.com:80/randombytes/-/randombytes-2.1.0.tgz}
    dependencies:
      safe-buffer: 5.2.1
    dev: true

  /rechoir/0.7.1:
    resolution: {integrity: sha1-lHipahyhNbXoj8An8D7pLWxkVoY=, tarball: http://npm.weimob.com:80/rechoir/-/rechoir-0.7.1.tgz}
    engines: {node: '>= 0.10'}
    dependencies:
      resolve: 1.22.1
    dev: true

  /resolve-cwd/3.0.0:
    resolution: {integrity: sha1-DwB18bslRHZs9zumpuKt/ryxPy0=, tarball: http://npm.weimob.com:80/resolve-cwd/-/resolve-cwd-3.0.0.tgz}
    engines: {node: '>=8'}
    dependencies:
      resolve-from: 5.0.0
    dev: true

  /resolve-from/5.0.0:
    resolution: {integrity: sha1-w1IlhD3493bfIcV1V7wIfp39/Gk=, tarball: http://npm.weimob.com:80/resolve-from/-/resolve-from-5.0.0.tgz}
    engines: {node: '>=8'}
    dev: true

  /resolve/1.22.1:
    resolution: {integrity: sha512-nBpuuYuY5jFsli/JIs1oldw6fOQCBioohqWZg/2hiaOybXOft4lonv85uDOKXdf8rhyK159cxU5cDcK/NKk8zw==, tarball: http://npm.weimob.com:80/resolve/-/resolve-1.22.1.tgz}
    hasBin: true
    dependencies:
      is-core-module: 2.11.0
      path-parse: 1.0.7
      supports-preserve-symlinks-flag: 1.0.0
    dev: true

  /safe-buffer/5.2.1:
    resolution: {integrity: sha1-Hq+fqb2x/dTsdfWPnNtOa3gn7sY=, tarball: http://npm.weimob.com:80/safe-buffer/-/safe-buffer-5.2.1.tgz}
    dev: true

  /schema-utils/3.1.1:
    resolution: {integrity: sha1-vHTEtraZXB2I92qLd76nIZ4MgoE=, tarball: http://npm.weimob.com:80/schema-utils/-/schema-utils-3.1.1.tgz}
    engines: {node: '>= 10.13.0'}
    dependencies:
      '@types/json-schema': 7.0.11
      ajv: 6.12.6
      ajv-keywords: 3.5.2_ajv@6.12.6
    dev: true

  /serialize-javascript/6.0.0:
    resolution: {integrity: sha1-765diPRdeSQUHai1w6en5mP+/rg=, tarball: http://npm.weimob.com:80/serialize-javascript/-/serialize-javascript-6.0.0.tgz}
    dependencies:
      randombytes: 2.1.0
    dev: true

  /shallow-clone/3.0.1:
    resolution: {integrity: sha1-jymBrZJTH1UDWwH7IwdppA4C76M=, tarball: http://npm.weimob.com:80/shallow-clone/-/shallow-clone-3.0.1.tgz}
    engines: {node: '>=8'}
    dependencies:
      kind-of: 6.0.3
    dev: true

  /shebang-command/2.0.0:
    resolution: {integrity: sha1-zNCvT4g1+9wmW4JGGq8MNmY/NOo=, tarball: http://npm.weimob.com:80/shebang-command/-/shebang-command-2.0.0.tgz}
    engines: {node: '>=8'}
    dependencies:
      shebang-regex: 3.0.0
    dev: true

  /shebang-regex/3.0.0:
    resolution: {integrity: sha1-rhbxZE2HPsrYQ7AwexQzYtTEIXI=, tarball: http://npm.weimob.com:80/shebang-regex/-/shebang-regex-3.0.0.tgz}
    engines: {node: '>=8'}
    dev: true

  /source-map-support/0.5.21:
    resolution: {integrity: sha1-BP58f54e0tZiIzwoyys1ufY/bk8=, tarball: http://npm.weimob.com:80/source-map-support/-/source-map-support-0.5.21.tgz}
    dependencies:
      buffer-from: 1.1.2
      source-map: 0.6.1
    dev: true

  /source-map/0.6.1:
    resolution: {integrity: sha1-dHIq8y6WFOnCh6jQu95IteLxomM=, tarball: http://npm.weimob.com:80/source-map/-/source-map-0.6.1.tgz}
    engines: {node: '>=0.10.0'}
    dev: true

  /supports-color/8.1.1:
    resolution: {integrity: sha1-zW/BfihQDP9WwbhsCn/UpUpzAFw=, tarball: http://npm.weimob.com:80/supports-color/-/supports-color-8.1.1.tgz}
    engines: {node: '>=10'}
    dependencies:
      has-flag: 4.0.0
    dev: true

  /supports-preserve-symlinks-flag/1.0.0:
    resolution: {integrity: sha512-ot0WnXS9fgdkgIcePe6RHNk1WA8+muPa6cSjeR3V8K27q9BB1rTE3R1p7Hv0z1ZyAc8s6Vvv8DIyWf681MAt0w==, tarball: http://npm.weimob.com:80/supports-preserve-symlinks-flag/-/supports-preserve-symlinks-flag-1.0.0.tgz}
    engines: {node: '>= 0.4'}
    dev: true

  /tapable/2.2.1:
    resolution: {integrity: sha1-GWenPvQGCoLxKrlq+G1S/bdu7KA=, tarball: http://npm.weimob.com:80/tapable/-/tapable-2.2.1.tgz}
    engines: {node: '>=6'}
    dev: true

  /terser-webpack-plugin/5.3.6_webpack@5.74.0:
    resolution: {integrity: sha512-kfLFk+PoLUQIbLmB1+PZDMRSZS99Mp+/MHqDNmMA6tOItzRt+Npe3E+fsMs5mfcM0wCtrrdU387UnV+vnSffXQ==, tarball: http://npm.weimob.com:80/terser-webpack-plugin/-/terser-webpack-plugin-5.3.6.tgz}
    engines: {node: '>= 10.13.0'}
    peerDependencies:
      '@swc/core': '*'
      esbuild: '*'
      uglify-js: '*'
      webpack: ^5.1.0
    peerDependenciesMeta:
      '@swc/core':
        optional: true
      esbuild:
        optional: true
      uglify-js:
        optional: true
    dependencies:
      '@jridgewell/trace-mapping': 0.3.17
      jest-worker: 27.5.1
      schema-utils: 3.1.1
      serialize-javascript: 6.0.0
      terser: 5.15.1
      webpack: 5.74.0_webpack-cli@4.10.0
    dev: true

  /terser/5.15.1:
    resolution: {integrity: sha512-K1faMUvpm/FBxjBXud0LWVAGxmvoPbZbfTCYbSgaaYQaIXI3/TdI7a7ZGA73Zrou6Q8Zmz3oeUTsp/dj+ag2Xw==, tarball: http://npm.weimob.com:80/terser/-/terser-5.15.1.tgz}
    engines: {node: '>=10'}
    hasBin: true
    dependencies:
      '@jridgewell/source-map': 0.3.2
      acorn: 8.8.1
      commander: 2.20.3
      source-map-support: 0.5.21
    dev: true

  /typescript/4.8.4:
    resolution: {integrity: sha512-QCh+85mCy+h0IGff8r5XWzOVSbBO+KfeYrMQh7NJ58QujwcE22u+NUSmUxqF+un70P9GXKxa2HCNiTTMJknyjQ==, tarball: http://npm.weimob.com:80/typescript/-/typescript-4.8.4.tgz}
    engines: {node: '>=4.2.0'}
    hasBin: true
    dev: false

  /update-browserslist-db/1.0.10_browserslist@4.21.4:
    resolution: {integrity: sha512-OztqDenkfFkbSG+tRxBeAnCVPckDBcvibKd35yDONx6OU8N7sqgwc7rCbkJ/WcYtVRZ4ba68d6byhC21GFh7sQ==, tarball: http://npm.weimob.com:80/update-browserslist-db/-/update-browserslist-db-1.0.10.tgz}
    hasBin: true
    peerDependencies:
      browserslist: '>= 4.21.0'
    dependencies:
      browserslist: 4.21.4
      escalade: 3.1.1
      picocolors: 1.0.0
    dev: true

  /uri-js/4.4.1:
    resolution: {integrity: sha1-mxpSWVIlhZ5V9mnZKPiMbFfyp34=, tarball: http://npm.weimob.com:80/uri-js/-/uri-js-4.4.1.tgz}
    dependencies:
      punycode: 2.1.1
    dev: true

  /vscode-jsonrpc/6.0.0:
    resolution: {integrity: sha1-EIvbCbRABwUXa5V87KngiA6bbU4=, tarball: http://npm.weimob.com:80/vscode-jsonrpc/-/vscode-jsonrpc-6.0.0.tgz}
    engines: {node: '>=8.0.0 || >=10.0.0'}
    dev: false

  /vscode-languageserver-protocol/3.16.0:
    resolution: {integrity: sha1-NBNbYakJHblyGIoH0zdAajzb6CE=, tarball: http://npm.weimob.com:80/vscode-languageserver-protocol/-/vscode-languageserver-protocol-3.16.0.tgz}
    dependencies:
      vscode-jsonrpc: 6.0.0
      vscode-languageserver-types: 3.16.0
    dev: false

  /vscode-languageserver-textdocument/1.0.7:
    resolution: {integrity: sha512-bFJH7UQxlXT8kKeyiyu41r22jCZXG8kuuVVA33OEJn1diWOZK5n8zBSPZFHVBOu8kXZ6h0LIRhf5UnCo61J4Hg==, tarball: http://npm.weimob.com:80/vscode-languageserver-textdocument/-/vscode-languageserver-textdocument-1.0.7.tgz}
    dev: false

  /vscode-languageserver-types/3.16.0:
    resolution: {integrity: sha1-7POT/BIexpdLLaPvsxVWRMUU4kc=, tarball: http://npm.weimob.com:80/vscode-languageserver-types/-/vscode-languageserver-types-3.16.0.tgz}
    dev: false

  /vscode-languageserver/7.0.0:
    resolution: {integrity: sha1-SbBoyHz8ypOjVpadIPXZvdUBxrA=, tarball: http://npm.weimob.com:80/vscode-languageserver/-/vscode-languageserver-7.0.0.tgz}
    hasBin: true
    dependencies:
      vscode-languageserver-protocol: 3.16.0
    dev: false

  /watchpack/2.4.0:
    resolution: {integrity: sha512-Lcvm7MGST/4fup+ifyKi2hjyIAwcdI4HRgtvTpIUxBRhB+RFtUh8XtDOxUfctVCnhVi+QQj49i91OyvzkJl6cg==, tarball: http://npm.weimob.com:80/watchpack/-/watchpack-2.4.0.tgz}
    engines: {node: '>=10.13.0'}
    dependencies:
      glob-to-regexp: 0.4.1
      graceful-fs: 4.2.10
    dev: true

  /webpack-cli/4.10.0_webpack@5.74.0:
    resolution: {integrity: sha512-NLhDfH/h4O6UOy+0LSso42xvYypClINuMNBVVzX4vX98TmTaTUxwRbXdhucbFMd2qLaCTcLq/PdYrvi8onw90w==, tarball: http://npm.weimob.com:80/webpack-cli/-/webpack-cli-4.10.0.tgz}
    engines: {node: '>=10.13.0'}
    hasBin: true
    peerDependencies:
      '@webpack-cli/generators': '*'
      '@webpack-cli/migrate': '*'
      webpack: 4.x.x || 5.x.x
      webpack-bundle-analyzer: '*'
      webpack-dev-server: '*'
    peerDependenciesMeta:
      '@webpack-cli/generators':
        optional: true
      '@webpack-cli/migrate':
        optional: true
      webpack-bundle-analyzer:
        optional: true
      webpack-dev-server:
        optional: true
    dependencies:
      '@discoveryjs/json-ext': 0.5.7
      '@webpack-cli/configtest': 1.2.0_5v66e2inugklgvlh4huuavolfq
      '@webpack-cli/info': 1.5.0_webpack-cli@4.10.0
      '@webpack-cli/serve': 1.7.0_webpack-cli@4.10.0
      colorette: 2.0.19
      commander: 7.2.0
      cross-spawn: 7.0.3
      fastest-levenshtein: 1.0.16
      import-local: 3.1.0
      interpret: 2.2.0
      rechoir: 0.7.1
      webpack: 5.74.0_webpack-cli@4.10.0
      webpack-merge: 5.8.0
    dev: true

  /webpack-merge/5.8.0:
    resolution: {integrity: sha1-Kznb8ir4d3atdEw5AiNzHTCmj2E=, tarball: http://npm.weimob.com:80/webpack-merge/-/webpack-merge-5.8.0.tgz}
    engines: {node: '>=10.0.0'}
    dependencies:
      clone-deep: 4.0.1
      wildcard: 2.0.0
    dev: true

  /webpack-sources/3.2.3:
    resolution: {integrity: sha512-/DyMEOrDgLKKIG0fmvtz+4dUX/3Ghozwgm6iPp8KRhvn+eQf9+Q7GWxVNMk3+uCPWfdXYC4ExGBckIXdFEfH1w==, tarball: http://npm.weimob.com:80/webpack-sources/-/webpack-sources-3.2.3.tgz}
    engines: {node: '>=10.13.0'}
    dev: true

  /webpack/5.74.0_webpack-cli@4.10.0:
    resolution: {integrity: sha512-A2InDwnhhGN4LYctJj6M1JEaGL7Luj6LOmyBHjcI8529cm5p6VXiTIW2sn6ffvEAKmveLzvu4jrihwXtPojlAA==, tarball: http://npm.weimob.com:80/webpack/-/webpack-5.74.0.tgz}
    engines: {node: '>=10.13.0'}
    hasBin: true
    peerDependencies:
      webpack-cli: '*'
    peerDependenciesMeta:
      webpack-cli:
        optional: true
    dependencies:
      '@types/eslint-scope': 3.7.4
      '@types/estree': 0.0.51
      '@webassemblyjs/ast': 1.11.1
      '@webassemblyjs/wasm-edit': 1.11.1
      '@webassemblyjs/wasm-parser': 1.11.1
      acorn: 8.8.1
      acorn-import-assertions: 1.8.0_acorn@8.8.1
      browserslist: 4.21.4
      chrome-trace-event: 1.0.3
      enhanced-resolve: 5.10.0
      es-module-lexer: 0.9.3
      eslint-scope: 5.1.1
      events: 3.3.0
      glob-to-regexp: 0.4.1
      graceful-fs: 4.2.10
      json-parse-even-better-errors: 2.3.1
      loader-runner: 4.3.0
      mime-types: 2.1.35
      neo-async: 2.6.2
      schema-utils: 3.1.1
      tapable: 2.2.1
      terser-webpack-plugin: 5.3.6_webpack@5.74.0
      watchpack: 2.4.0
      webpack-cli: 4.10.0_webpack@5.74.0
      webpack-sources: 3.2.3
    transitivePeerDependencies:
      - '@swc/core'
      - esbuild
      - uglify-js
    dev: true

  /which/2.0.2:
    resolution: {integrity: sha1-fGqN0KY2oDJ+ELWckobu6T8/UbE=, tarball: http://npm.weimob.com:80/which/-/which-2.0.2.tgz}
    engines: {node: '>= 8'}
    hasBin: true
    dependencies:
      isexe: 2.0.0
    dev: true

  /wildcard/2.0.0:
    resolution: {integrity: sha1-p30g5SAMb6qsl55LOq3Hs91/j+w=, tarball: http://npm.weimob.com:80/wildcard/-/wildcard-2.0.0.tgz}
    dev: true
